
Microsoft Visual Studio Solution File, Format Version 12.00
# Visual Studio 15
VisualStudioVersion = 15.0.28010.2046
MinimumVisualStudioVersion = 10.0.40219.1
Project("{FAE04EC0-301F-11D3-BF4B-00C04F79EFBC}") = "FireGes", "FireGes\FireGes.csproj", "{27AC4D46-6A5A-410E-9A57-C1ECE6673247}"
EndProject
Global
	GlobalSection(SolutionConfigurationPlatforms) = preSolution
		Debug|Any CPU = Debug|Any CPU
		Release|Any CPU = Release|Any CPU
	EndGlobalSection
	GlobalSection(ProjectConfigurationPlatforms) = postSolution
		{27AC4D46-6A5A-410E-9A57-C1ECE6673247}.Debug|Any CPU.ActiveCfg = Debug|Any CPU
		{27AC4D46-6A5A-410E-9A57-C1ECE6673247}.Debug|Any CPU.Build.0 = Debug|Any CPU
		{27AC4D46-6A5A-410E-9A57-C1ECE6673247}.Release|Any CPU.ActiveCfg = Release|Any CPU
		{27AC4D46-6A5A-410E-9A57-C1ECE6673247}.Release|Any CPU.Build.0 = Release|Any CPU
	EndGlobalSection
	GlobalSection(SolutionProperties) = preSolution
		HideSolutionNode = FALSE
	EndGlobalSection
	GlobalSection(ExtensibilityGlobals) = postSolution
		SolutionGuid = {7A459C25-5B94-443A-9E96-D6A4B6205E16}
	EndGlobalSection
EndGlobal
